{
  "version": 4,
  "terraform_version": "1.5.2",
  "serial": 2171,
  "lineage": "0b1c0b8b-f238-dd72-34e8-731f74b91957",
  "outputs": {
    "rendered_script": {
      "value": "#!/bin/bash -x\nexec \u003e \u003e(tee /var/log/user-data.log|logger -t user-data -s 2\u003e/dev/console) 2\u003e\u00261\n\n# Update and install necessary packages\nsudo yum update -y\nsudo yum install -y https://s3.amazonaws.com/ec2-downloads-windows/SSMAgent/latest/linux_amd64/amazon-ssm-agent.rpm\nsudo systemctl start amazon-ssm-agent\nsudo systemctl enable amazon-ssm-agent\nsudo yum install git -y\nsudo yum install -y nfs-utils\nsudo amazon-linux-extras install -y lamp-mariadb10.2-php7.2 php7.2\nsudo yum install -y httpd mariadb-server\n\n# Start and enable Apache\nsudo systemctl start httpd\nsudo systemctl enable httpd\nsudo systemctl is-enabled httpd\n\n# Add ec2-user to Apache group and set permissions\nsudo usermod -a -G apache ec2-user\nsudo chown -R ec2-user:apache /var/www\nsudo chmod 2775 /var/www \u0026\u0026 find /var/www -type d -exec sudo chmod 2775 {} \\;\nfind /var/www -type f -exec sudo chmod 0664 {} \\;\n\n# Clone git repository and set up Wordpress\ncd /var/www/html\nsudo git clone https://github.com/stackitgit/CliXX_Retail_Repository.git\nsudo cp -r CliXX_Retail_Repository/* /var/www/html\n\n# Configure Apache and set permissions\nsudo sed -i '151s/None/All/' /etc/httpd/conf/httpd.conf\nsudo chown -R apache:apache /var/www\nsudo chmod 2775 /var/www \u0026\u0026 find /var/www -type d -exec sudo chmod 2775 {} \\;\nsudo find /var/www -type f -exec sudo chmod 0664 {} \\;\n\n# Restart Apache\nsudo systemctl restart httpd\nsudo service httpd restart\n\n# Additional configurations\nsudo /sbin/sysctl -w net.ipv4.tcp_keepalive_time=200 net.ipv4.tcp_keepalive_intvl=200 net.ipv4.tcp_keepalive_probes=5\n\n",
      "type": "string"
    }
  },
  "resources": [
    {
      "mode": "data",
      "type": "template_file",
      "name": "bootstrap",
      "provider": "provider[\"registry.terraform.io/hashicorp/template\"]",
      "instances": [
        {
          "schema_version": 0,
          "attributes": {
            "filename": null,
            "id": "05df21758f63636691747e86fb76a051c3c38e75dfa81ab676cbbbdc1be30368",
            "rendered": "#!/bin/bash -x\nexec \u003e \u003e(tee /var/log/user-data.log|logger -t user-data -s 2\u003e/dev/console) 2\u003e\u00261\n\n# Update and install necessary packages\nsudo yum update -y\nsudo yum install -y https://s3.amazonaws.com/ec2-downloads-windows/SSMAgent/latest/linux_amd64/amazon-ssm-agent.rpm\nsudo systemctl start amazon-ssm-agent\nsudo systemctl enable amazon-ssm-agent\nsudo yum install git -y\nsudo yum install -y nfs-utils\nsudo amazon-linux-extras install -y lamp-mariadb10.2-php7.2 php7.2\nsudo yum install -y httpd mariadb-server\n\n# Start and enable Apache\nsudo systemctl start httpd\nsudo systemctl enable httpd\nsudo systemctl is-enabled httpd\n\n# Add ec2-user to Apache group and set permissions\nsudo usermod -a -G apache ec2-user\nsudo chown -R ec2-user:apache /var/www\nsudo chmod 2775 /var/www \u0026\u0026 find /var/www -type d -exec sudo chmod 2775 {} \\;\nfind /var/www -type f -exec sudo chmod 0664 {} \\;\n\n# Clone git repository and set up Wordpress\ncd /var/www/html\nsudo git clone https://github.com/stackitgit/CliXX_Retail_Repository.git\nsudo cp -r CliXX_Retail_Repository/* /var/www/html\n\n# Configure Apache and set permissions\nsudo sed -i '151s/None/All/' /etc/httpd/conf/httpd.conf\nsudo chown -R apache:apache /var/www\nsudo chmod 2775 /var/www \u0026\u0026 find /var/www -type d -exec sudo chmod 2775 {} \\;\nsudo find /var/www -type f -exec sudo chmod 0664 {} \\;\n\n# Restart Apache\nsudo systemctl restart httpd\nsudo service httpd restart\n\n# Additional configurations\nsudo /sbin/sysctl -w net.ipv4.tcp_keepalive_time=200 net.ipv4.tcp_keepalive_intvl=200 net.ipv4.tcp_keepalive_probes=5\n\n",
            "template": "#!/bin/bash -x\nexec \u003e \u003e(tee /var/log/user-data.log|logger -t user-data -s 2\u003e/dev/console) 2\u003e\u00261\n\n# Update and install necessary packages\nsudo yum update -y\nsudo yum install -y https://s3.amazonaws.com/ec2-downloads-windows/SSMAgent/latest/linux_amd64/amazon-ssm-agent.rpm\nsudo systemctl start amazon-ssm-agent\nsudo systemctl enable amazon-ssm-agent\nsudo yum install git -y\nsudo yum install -y nfs-utils\nsudo amazon-linux-extras install -y lamp-mariadb10.2-php7.2 php7.2\nsudo yum install -y httpd mariadb-server\n\n# Start and enable Apache\nsudo systemctl start httpd\nsudo systemctl enable httpd\nsudo systemctl is-enabled httpd\n\n# Add ec2-user to Apache group and set permissions\nsudo usermod -a -G apache ec2-user\nsudo chown -R ec2-user:apache /var/www\nsudo chmod 2775 /var/www \u0026\u0026 find /var/www -type d -exec sudo chmod 2775 {} \\;\nfind /var/www -type f -exec sudo chmod 0664 {} \\;\n\n# Clone git repository and set up Wordpress\ncd /var/www/html\nsudo git clone ${GIT_REPO}\nsudo cp -r CliXX_Retail_Repository/* /var/www/html\n\n# Configure Apache and set permissions\nsudo sed -i '151s/None/All/' /etc/httpd/conf/httpd.conf\nsudo chown -R apache:apache /var/www\nsudo chmod 2775 /var/www \u0026\u0026 find /var/www -type d -exec sudo chmod 2775 {} \\;\nsudo find /var/www -type f -exec sudo chmod 0664 {} \\;\n\n# Restart Apache\nsudo systemctl restart httpd\nsudo service httpd restart\n\n# Additional configurations\nsudo /sbin/sysctl -w net.ipv4.tcp_keepalive_time=200 net.ipv4.tcp_keepalive_intvl=200 net.ipv4.tcp_keepalive_probes=5\n\n",
            "vars": {
              "GIT_REPO": "https://github.com/stackitgit/CliXX_Retail_Repository.git"
            }
          },
          "sensitive_attributes": []
        }
      ]
    },
    {
      "module": "module.EC2-BASE",
      "mode": "data",
      "type": "template_file",
      "name": "bootstrap",
      "provider": "provider[\"registry.terraform.io/hashicorp/template\"]",
      "instances": [
        {
          "schema_version": 0,
          "attributes": {
            "filename": null,
            "id": "05df21758f63636691747e86fb76a051c3c38e75dfa81ab676cbbbdc1be30368",
            "rendered": "#!/bin/bash -x\nexec \u003e \u003e(tee /var/log/user-data.log|logger -t user-data -s 2\u003e/dev/console) 2\u003e\u00261\n\n# Update and install necessary packages\nsudo yum update -y\nsudo yum install -y https://s3.amazonaws.com/ec2-downloads-windows/SSMAgent/latest/linux_amd64/amazon-ssm-agent.rpm\nsudo systemctl start amazon-ssm-agent\nsudo systemctl enable amazon-ssm-agent\nsudo yum install git -y\nsudo yum install -y nfs-utils\nsudo amazon-linux-extras install -y lamp-mariadb10.2-php7.2 php7.2\nsudo yum install -y httpd mariadb-server\n\n# Start and enable Apache\nsudo systemctl start httpd\nsudo systemctl enable httpd\nsudo systemctl is-enabled httpd\n\n# Add ec2-user to Apache group and set permissions\nsudo usermod -a -G apache ec2-user\nsudo chown -R ec2-user:apache /var/www\nsudo chmod 2775 /var/www \u0026\u0026 find /var/www -type d -exec sudo chmod 2775 {} \\;\nfind /var/www -type f -exec sudo chmod 0664 {} \\;\n\n# Clone git repository and set up Wordpress\ncd /var/www/html\nsudo git clone https://github.com/stackitgit/CliXX_Retail_Repository.git\nsudo cp -r CliXX_Retail_Repository/* /var/www/html\n\n# Configure Apache and set permissions\nsudo sed -i '151s/None/All/' /etc/httpd/conf/httpd.conf\nsudo chown -R apache:apache /var/www\nsudo chmod 2775 /var/www \u0026\u0026 find /var/www -type d -exec sudo chmod 2775 {} \\;\nsudo find /var/www -type f -exec sudo chmod 0664 {} \\;\n\n# Restart Apache\nsudo systemctl restart httpd\nsudo service httpd restart\n\n# Additional configurations\nsudo /sbin/sysctl -w net.ipv4.tcp_keepalive_time=200 net.ipv4.tcp_keepalive_intvl=200 net.ipv4.tcp_keepalive_probes=5\n\n",
            "template": "#!/bin/bash -x\nexec \u003e \u003e(tee /var/log/user-data.log|logger -t user-data -s 2\u003e/dev/console) 2\u003e\u00261\n\n# Update and install necessary packages\nsudo yum update -y\nsudo yum install -y https://s3.amazonaws.com/ec2-downloads-windows/SSMAgent/latest/linux_amd64/amazon-ssm-agent.rpm\nsudo systemctl start amazon-ssm-agent\nsudo systemctl enable amazon-ssm-agent\nsudo yum install git -y\nsudo yum install -y nfs-utils\nsudo amazon-linux-extras install -y lamp-mariadb10.2-php7.2 php7.2\nsudo yum install -y httpd mariadb-server\n\n# Start and enable Apache\nsudo systemctl start httpd\nsudo systemctl enable httpd\nsudo systemctl is-enabled httpd\n\n# Add ec2-user to Apache group and set permissions\nsudo usermod -a -G apache ec2-user\nsudo chown -R ec2-user:apache /var/www\nsudo chmod 2775 /var/www \u0026\u0026 find /var/www -type d -exec sudo chmod 2775 {} \\;\nfind /var/www -type f -exec sudo chmod 0664 {} \\;\n\n# Clone git repository and set up Wordpress\ncd /var/www/html\nsudo git clone ${GIT_REPO}\nsudo cp -r CliXX_Retail_Repository/* /var/www/html\n\n# Configure Apache and set permissions\nsudo sed -i '151s/None/All/' /etc/httpd/conf/httpd.conf\nsudo chown -R apache:apache /var/www\nsudo chmod 2775 /var/www \u0026\u0026 find /var/www -type d -exec sudo chmod 2775 {} \\;\nsudo find /var/www -type f -exec sudo chmod 0664 {} \\;\n\n# Restart Apache\nsudo systemctl restart httpd\nsudo service httpd restart\n\n# Additional configurations\nsudo /sbin/sysctl -w net.ipv4.tcp_keepalive_time=200 net.ipv4.tcp_keepalive_intvl=200 net.ipv4.tcp_keepalive_probes=5\n\n",
            "vars": {
              "GIT_REPO": "https://github.com/stackitgit/CliXX_Retail_Repository.git"
            }
          },
          "sensitive_attributes": []
        }
      ]
    },
    {
      "module": "module.EC2-BASE",
      "mode": "managed",
      "type": "aws_instance",
      "name": "Server",
      "provider": "provider[\"registry.terraform.io/hashicorp/aws\"]",
      "instances": [
        {
          "schema_version": 1,
          "attributes": {
            "ami": "ami-08f3d892de259504d",
            "arn": "arn:aws:ec2:us-east-1:541478845275:instance/i-0adfecbd7aeb4e73f",
            "associate_public_ip_address": true,
            "availability_zone": "us-east-1b",
            "capacity_reservation_specification": [
              {
                "capacity_reservation_preference": "open",
                "capacity_reservation_target": []
              }
            ],
            "cpu_core_count": 1,
            "cpu_options": [
              {
                "amd_sev_snp": "",
                "core_count": 1,
                "threads_per_core": 1
              }
            ],
            "cpu_threads_per_core": 1,
            "credit_specification": [
              {
                "cpu_credits": "standard"
              }
            ],
            "disable_api_stop": false,
            "disable_api_termination": false,
            "ebs_block_device": [],
            "ebs_optimized": false,
            "enclave_options": [
              {
                "enabled": false
              }
            ],
            "ephemeral_block_device": [],
            "get_password_data": false,
            "hibernation": false,
            "host_id": "",
            "host_resource_group_arn": null,
            "iam_instance_profile": "",
            "id": "i-0adfecbd7aeb4e73f",
            "instance_initiated_shutdown_behavior": "stop",
            "instance_lifecycle": "",
            "instance_market_options": [],
            "instance_state": "running",
            "instance_type": "t2.micro",
            "ipv6_address_count": 0,
            "ipv6_addresses": [],
            "key_name": "stackkp",
            "launch_template": [],
            "maintenance_options": [
              {
                "auto_recovery": "default"
              }
            ],
            "metadata_options": [
              {
                "http_endpoint": "enabled",
                "http_put_response_hop_limit": 1,
                "http_tokens": "optional",
                "instance_metadata_tags": "disabled"
              }
            ],
            "monitoring": false,
            "network_interface": [],
            "outpost_arn": "",
            "password_data": "",
            "placement_group": "",
            "placement_partition_number": 0,
            "primary_network_interface_id": "eni-0045ed38bbb7796f4",
            "private_dns": "ip-172-31-36-11.ec2.internal",
            "private_dns_name_options": [
              {
                "enable_resource_name_dns_a_record": false,
                "enable_resource_name_dns_aaaa_record": false,
                "hostname_type": "ip-name"
              }
            ],
            "private_ip": "172.31.36.11",
            "public_dns": "ec2-18-234-57-231.compute-1.amazonaws.com",
            "public_ip": "18.234.57.231",
            "root_block_device": [
              {
                "delete_on_termination": false,
                "device_name": "/dev/xvda",
                "encrypted": false,
                "iops": 100,
                "kms_key_id": "",
                "tags": null,
                "throughput": 0,
                "volume_id": "vol-0eac897648c192941",
                "volume_size": 30,
                "volume_type": "gp2"
              }
            ],
            "secondary_private_ips": [],
            "security_groups": [
              "Stack-WebDMZ"
            ],
            "source_dest_check": true,
            "spot_instance_request_id": "",
            "subnet_id": "subnet-07d136d042a92949c",
            "tags": {
              "Name": "stack-server-$(count.index)",
              "OwnerEmail": "mikeo.olukosi@gmail.com",
              "environment": "dev"
            },
            "tags_all": {
              "Name": "stack-server-$(count.index)",
              "OwnerEmail": "mikeo.olukosi@gmail.com",
              "environment": "dev"
            },
            "tenancy": "default",
            "timeouts": null,
            "user_data": "d71a4608bd980cef0fc1f1930ed5f86c81efbf81",
            "user_data_base64": null,
            "user_data_replace_on_change": false,
            "volume_tags": null,
            "vpc_security_group_ids": [
              "sg-03eedcc0f249f973a"
            ]
          },
          "sensitive_attributes": [],
          "private": "eyJlMmJmYjczMC1lY2FhLTExZTYtOGY4OC0zNDM2M2JjN2M0YzAiOnsiY3JlYXRlIjo2MDAwMDAwMDAwMDAsImRlbGV0ZSI6MTIwMDAwMDAwMDAwMCwidXBkYXRlIjo2MDAwMDAwMDAwMDB9LCJzY2hlbWFfdmVyc2lvbiI6IjEifQ==",
          "dependencies": [
            "module.EC2-BASE.aws_key_pair.Stack_KP",
            "module.EC2-BASE.aws_security_group.stack-sg",
            "module.EC2-BASE.data.template_file.bootstrap"
          ]
        }
      ]
    },
    {
      "module": "module.EC2-BASE",
      "mode": "managed",
      "type": "aws_key_pair",
      "name": "Stack_KP",
      "provider": "provider[\"registry.terraform.io/hashicorp/aws\"]",
      "instances": [
        {
          "schema_version": 1,
          "attributes": {
            "arn": "arn:aws:ec2:us-east-1:541478845275:key-pair/stackkp",
            "fingerprint": "b0:5d:bd:48:83:1a:66:fa:71:f1:bf:86:12:aa:51:a5",
            "id": "stackkp",
            "key_name": "stackkp",
            "key_name_prefix": "",
            "key_pair_id": "key-04be184d14100b621",
            "key_type": "rsa",
            "public_key": "ssh-rsa AAAAB3NzaC1yc2EAAAADAQABAAACAQC2ozXBfp4OJoeySbHreo/yASUTalFPbG4macBXoDX3fc0k4GSBhQWRKjXOAs4qDnRTDsnABdME3VVR4C8aDm44eLzJHtpIU1kJmbyE4QbFg7BJ578/UiSTGIBy3dfA1iKIC3Dlrb/8DIHE0fNgBtZZG5v9wezYZn+F3jhQ6mpMxLVWdr7tU1NtNmdNOoh2AwHmfPqtXyUuxQQs1BG9iFqqYVscU3427G58s/7NrTvLzQMG5lEifKvP42pZxORtBWMp5HeK8LppA2brDMtrfngVYcz0DJbBrKgKvZjoE4L8u+j1IwRrJKdz916HpWHJJg5BLsriMajgJCiMNZkfj+U79vwRy9EOkx26Im3idzaaynqUKWnYeMpp/b7wUZwr5VIcGYUdaLt4UG0UQE44D8YTTCE8qslxGZ+Nmmiouq4ggAcgnPMJu8eh8xiJm1P7ab1AhnFR6U321EDNWaaQU9AtZcIwBTqCdkGYKyriLwJhrxGJqY0VngNbvjFYw478YI7tVAsOyIfmPou5aTPmLGTn75Q8Ku8rlP7EsNsxjz8ZUc2TO5EKqUCvcuTLsf1x+wtdLs2ecAD9qTEMdws1uxLOjF+p017p0qe4JDb/InioKoy1ZvhXa/auZc+cIa15fOgwGlneaikNrHw8MPdfzLj4gF9oEpxa47uDaG0UAVxF4Q== mikeo@Layks",
            "tags": null,
            "tags_all": {}
          },
          "sensitive_attributes": [],
          "private": "eyJzY2hlbWFfdmVyc2lvbiI6IjEifQ=="
        }
      ]
    },
    {
      "module": "module.EC2-BASE",
      "mode": "managed",
      "type": "aws_launch_template",
      "name": "launch-template",
      "provider": "provider[\"registry.terraform.io/hashicorp/aws\"]",
      "instances": [
        {
          "schema_version": 0,
          "attributes": {
            "arn": "arn:aws:ec2:us-east-1:541478845275:launch-template/lt-0e3433d4d6832d63c",
            "block_device_mappings": [
              {
                "device_name": "/dev/sdb",
                "ebs": [
                  {
                    "delete_on_termination": "true",
                    "encrypted": "",
                    "iops": 0,
                    "kms_key_id": "",
                    "snapshot_id": "",
                    "throughput": 0,
                    "volume_size": 20,
                    "volume_type": "gp2"
                  }
                ],
                "no_device": "",
                "virtual_name": ""
              },
              {
                "device_name": "/dev/sdc",
                "ebs": [
                  {
                    "delete_on_termination": "true",
                    "encrypted": "",
                    "iops": 0,
                    "kms_key_id": "",
                    "snapshot_id": "",
                    "throughput": 0,
                    "volume_size": 20,
                    "volume_type": "gp2"
                  }
                ],
                "no_device": "",
                "virtual_name": ""
              },
              {
                "device_name": "/dev/sdd",
                "ebs": [
                  {
                    "delete_on_termination": "true",
                    "encrypted": "",
                    "iops": 0,
                    "kms_key_id": "",
                    "snapshot_id": "",
                    "throughput": 0,
                    "volume_size": 20,
                    "volume_type": "gp2"
                  }
                ],
                "no_device": "",
                "virtual_name": ""
              },
              {
                "device_name": "/dev/sde",
                "ebs": [
                  {
                    "delete_on_termination": "true",
                    "encrypted": "",
                    "iops": 0,
                    "kms_key_id": "",
                    "snapshot_id": "",
                    "throughput": 0,
                    "volume_size": 20,
                    "volume_type": "gp2"
                  }
                ],
                "no_device": "",
                "virtual_name": ""
              }
            ],
            "capacity_reservation_specification": [],
            "cpu_options": [],
            "credit_specification": [],
            "default_version": 1,
            "description": "",
            "disable_api_stop": false,
            "disable_api_termination": false,
            "ebs_optimized": "",
            "elastic_gpu_specifications": [],
            "elastic_inference_accelerator": [],
            "enclave_options": [],
            "hibernation_options": [],
            "iam_instance_profile": [],
            "id": "lt-0e3433d4d6832d63c",
            "image_id": "ami-08f3d892de259504d",
            "instance_initiated_shutdown_behavior": "",
            "instance_market_options": [],
            "instance_requirements": [],
            "instance_type": "t2.micro",
            "kernel_id": "",
            "key_name": "stackkp",
            "latest_version": 1,
            "license_specification": [],
            "maintenance_options": [],
            "metadata_options": [],
            "monitoring": [],
            "name": "clixx-app-launch-template20230831061255835700000001",
            "name_prefix": "clixx-app-launch-template",
            "network_interfaces": [],
            "placement": [],
            "private_dns_name_options": [],
            "ram_disk_id": "",
            "security_group_names": null,
            "tag_specifications": [],
            "tags": null,
            "tags_all": {},
            "update_default_version": null,
            "user_data": "IyEvYmluL2Jhc2ggLXgKZXhlYyA+ID4odGVlIC92YXIvbG9nL3VzZXItZGF0YS5sb2d8bG9nZ2VyIC10IHVzZXItZGF0YSAtcyAyPi9kZXYvY29uc29sZSkgMj4mMQoKIyBVcGRhdGUgYW5kIGluc3RhbGwgbmVjZXNzYXJ5IHBhY2thZ2VzCnN1ZG8geXVtIHVwZGF0ZSAteQpzdWRvIHl1bSBpbnN0YWxsIC15IGh0dHBzOi8vczMuYW1hem9uYXdzLmNvbS9lYzItZG93bmxvYWRzLXdpbmRvd3MvU1NNQWdlbnQvbGF0ZXN0L2xpbnV4X2FtZDY0L2FtYXpvbi1zc20tYWdlbnQucnBtCnN1ZG8gc3lzdGVtY3RsIHN0YXJ0IGFtYXpvbi1zc20tYWdlbnQKc3VkbyBzeXN0ZW1jdGwgZW5hYmxlIGFtYXpvbi1zc20tYWdlbnQKc3VkbyB5dW0gaW5zdGFsbCBnaXQgLXkKc3VkbyB5dW0gaW5zdGFsbCAteSBuZnMtdXRpbHMKc3VkbyBhbWF6b24tbGludXgtZXh0cmFzIGluc3RhbGwgLXkgbGFtcC1tYXJpYWRiMTAuMi1waHA3LjIgcGhwNy4yCnN1ZG8geXVtIGluc3RhbGwgLXkgaHR0cGQgbWFyaWFkYi1zZXJ2ZXIKCiMgU3RhcnQgYW5kIGVuYWJsZSBBcGFjaGUKc3VkbyBzeXN0ZW1jdGwgc3RhcnQgaHR0cGQKc3VkbyBzeXN0ZW1jdGwgZW5hYmxlIGh0dHBkCnN1ZG8gc3lzdGVtY3RsIGlzLWVuYWJsZWQgaHR0cGQKCiMgQWRkIGVjMi11c2VyIHRvIEFwYWNoZSBncm91cCBhbmQgc2V0IHBlcm1pc3Npb25zCnN1ZG8gdXNlcm1vZCAtYSAtRyBhcGFjaGUgZWMyLXVzZXIKc3VkbyBjaG93biAtUiBlYzItdXNlcjphcGFjaGUgL3Zhci93d3cKc3VkbyBjaG1vZCAyNzc1IC92YXIvd3d3ICYmIGZpbmQgL3Zhci93d3cgLXR5cGUgZCAtZXhlYyBzdWRvIGNobW9kIDI3NzUge30gXDsKZmluZCAvdmFyL3d3dyAtdHlwZSBmIC1leGVjIHN1ZG8gY2htb2QgMDY2NCB7fSBcOwoKIyBDbG9uZSBnaXQgcmVwb3NpdG9yeSBhbmQgc2V0IHVwIFdvcmRwcmVzcwpjZCAvdmFyL3d3dy9odG1sCnN1ZG8gZ2l0IGNsb25lIGh0dHBzOi8vZ2l0aHViLmNvbS9zdGFja2l0Z2l0L0NsaVhYX1JldGFpbF9SZXBvc2l0b3J5LmdpdApzdWRvIGNwIC1yIENsaVhYX1JldGFpbF9SZXBvc2l0b3J5LyogL3Zhci93d3cvaHRtbAoKIyBDb25maWd1cmUgQXBhY2hlIGFuZCBzZXQgcGVybWlzc2lvbnMKc3VkbyBzZWQgLWkgJzE1MXMvTm9uZS9BbGwvJyAvZXRjL2h0dHBkL2NvbmYvaHR0cGQuY29uZgpzdWRvIGNob3duIC1SIGFwYWNoZTphcGFjaGUgL3Zhci93d3cKc3VkbyBjaG1vZCAyNzc1IC92YXIvd3d3ICYmIGZpbmQgL3Zhci93d3cgLXR5cGUgZCAtZXhlYyBzdWRvIGNobW9kIDI3NzUge30gXDsKc3VkbyBmaW5kIC92YXIvd3d3IC10eXBlIGYgLWV4ZWMgc3VkbyBjaG1vZCAwNjY0IHt9IFw7CgojIFJlc3RhcnQgQXBhY2hlCnN1ZG8gc3lzdGVtY3RsIHJlc3RhcnQgaHR0cGQKc3VkbyBzZXJ2aWNlIGh0dHBkIHJlc3RhcnQKCiMgQWRkaXRpb25hbCBjb25maWd1cmF0aW9ucwpzdWRvIC9zYmluL3N5c2N0bCAtdyBuZXQuaXB2NC50Y3Bfa2VlcGFsaXZlX3RpbWU9MjAwIG5ldC5pcHY0LnRjcF9rZWVwYWxpdmVfaW50dmw9MjAwIG5ldC5pcHY0LnRjcF9rZWVwYWxpdmVfcHJvYmVzPTUKCg==",
            "vpc_security_group_ids": [
              "sg-03eedcc0f249f973a"
            ]
          },
          "sensitive_attributes": [],
          "private": "bnVsbA==",
          "dependencies": [
            "module.EC2-BASE.aws_key_pair.Stack_KP",
            "module.EC2-BASE.aws_security_group.stack-sg",
            "module.EC2-BASE.data.template_file.bootstrap"
          ]
        }
      ]
    },
    {
      "module": "module.EC2-BASE",
      "mode": "managed",
      "type": "aws_security_group",
      "name": "stack-sg",
      "provider": "provider[\"registry.terraform.io/hashicorp/aws\"]",
      "instances": [
        {
          "schema_version": 1,
          "attributes": {
            "arn": "arn:aws:ec2:us-east-1:541478845275:security-group/sg-03eedcc0f249f973a",
            "description": "Stack IT Security Group For CliXX System",
            "egress": [],
            "id": "sg-03eedcc0f249f973a",
            "ingress": [],
            "name": "Stack-WebDMZ",
            "name_prefix": "",
            "owner_id": "541478845275",
            "revoke_rules_on_delete": false,
            "tags": null,
            "tags_all": {},
            "timeouts": null,
            "vpc_id": "vpc-0ebe1b889a03334ce"
          },
          "sensitive_attributes": [],
          "private": "eyJlMmJmYjczMC1lY2FhLTExZTYtOGY4OC0zNDM2M2JjN2M0YzAiOnsiY3JlYXRlIjo2MDAwMDAwMDAwMDAsImRlbGV0ZSI6OTAwMDAwMDAwMDAwfSwic2NoZW1hX3ZlcnNpb24iOiIxIn0="
        }
      ]
    },
    {
      "module": "module.EC2-BASE",
      "mode": "managed",
      "type": "aws_security_group_rule",
      "name": "clixx-app-egress",
      "provider": "provider[\"registry.terraform.io/hashicorp/aws\"]",
      "instances": [
        {
          "schema_version": 2,
          "attributes": {
            "cidr_blocks": [
              "0.0.0.0/0"
            ],
            "description": null,
            "from_port": 0,
            "id": "sgrule-274951101",
            "ipv6_cidr_blocks": null,
            "prefix_list_ids": null,
            "protocol": "-1",
            "security_group_id": "sg-03eedcc0f249f973a",
            "security_group_rule_id": "sgr-082bd0ef5df6a1bf2",
            "self": false,
            "source_security_group_id": null,
            "timeouts": null,
            "to_port": 0,
            "type": "egress"
          },
          "sensitive_attributes": [],
          "private": "eyJlMmJmYjczMC1lY2FhLTExZTYtOGY4OC0zNDM2M2JjN2M0YzAiOnsiY3JlYXRlIjozMDAwMDAwMDAwMDB9LCJzY2hlbWFfdmVyc2lvbiI6IjIifQ==",
          "dependencies": [
            "module.EC2-BASE.aws_security_group.stack-sg"
          ]
        }
      ]
    },
    {
      "module": "module.EC2-BASE",
      "mode": "managed",
      "type": "aws_security_group_rule",
      "name": "http",
      "provider": "provider[\"registry.terraform.io/hashicorp/aws\"]",
      "instances": [
        {
          "schema_version": 2,
          "attributes": {
            "cidr_blocks": [
              "0.0.0.0/0"
            ],
            "description": null,
            "from_port": 80,
            "id": "sgrule-3506533668",
            "ipv6_cidr_blocks": null,
            "prefix_list_ids": null,
            "protocol": "tcp",
            "security_group_id": "sg-03eedcc0f249f973a",
            "security_group_rule_id": "sgr-0cf0b08cd6309a35e",
            "self": false,
            "source_security_group_id": null,
            "timeouts": null,
            "to_port": 80,
            "type": "ingress"
          },
          "sensitive_attributes": [],
          "private": "eyJlMmJmYjczMC1lY2FhLTExZTYtOGY4OC0zNDM2M2JjN2M0YzAiOnsiY3JlYXRlIjozMDAwMDAwMDAwMDB9LCJzY2hlbWFfdmVyc2lvbiI6IjIifQ==",
          "dependencies": [
            "module.EC2-BASE.aws_security_group.stack-sg"
          ]
        }
      ]
    },
    {
      "module": "module.EC2-BASE",
      "mode": "managed",
      "type": "aws_security_group_rule",
      "name": "https",
      "provider": "provider[\"registry.terraform.io/hashicorp/aws\"]",
      "instances": [
        {
          "schema_version": 2,
          "attributes": {
            "cidr_blocks": [
              "0.0.0.0/0"
            ],
            "description": null,
            "from_port": 443,
            "id": "sgrule-2007291878",
            "ipv6_cidr_blocks": null,
            "prefix_list_ids": null,
            "protocol": "tcp",
            "security_group_id": "sg-03eedcc0f249f973a",
            "security_group_rule_id": "sgr-01822e97663d06b9f",
            "self": false,
            "source_security_group_id": null,
            "timeouts": null,
            "to_port": 443,
            "type": "ingress"
          },
          "sensitive_attributes": [],
          "private": "eyJlMmJmYjczMC1lY2FhLTExZTYtOGY4OC0zNDM2M2JjN2M0YzAiOnsiY3JlYXRlIjozMDAwMDAwMDAwMDB9LCJzY2hlbWFfdmVyc2lvbiI6IjIifQ==",
          "dependencies": [
            "module.EC2-BASE.aws_security_group.stack-sg"
          ]
        }
      ]
    },
    {
      "module": "module.EC2-BASE",
      "mode": "managed",
      "type": "aws_security_group_rule",
      "name": "mysql_aurora",
      "provider": "provider[\"registry.terraform.io/hashicorp/aws\"]",
      "instances": [
        {
          "schema_version": 2,
          "attributes": {
            "cidr_blocks": [
              "0.0.0.0/0"
            ],
            "description": null,
            "from_port": 3306,
            "id": "sgrule-3487248659",
            "ipv6_cidr_blocks": null,
            "prefix_list_ids": null,
            "protocol": "tcp",
            "security_group_id": "sg-03eedcc0f249f973a",
            "security_group_rule_id": "sgr-06693e13f0c988c3b",
            "self": false,
            "source_security_group_id": null,
            "timeouts": null,
            "to_port": 3306,
            "type": "ingress"
          },
          "sensitive_attributes": [],
          "private": "eyJlMmJmYjczMC1lY2FhLTExZTYtOGY4OC0zNDM2M2JjN2M0YzAiOnsiY3JlYXRlIjozMDAwMDAwMDAwMDB9LCJzY2hlbWFfdmVyc2lvbiI6IjIifQ==",
          "dependencies": [
            "module.EC2-BASE.aws_security_group.stack-sg"
          ]
        }
      ]
    },
    {
      "module": "module.EC2-BASE",
      "mode": "managed",
      "type": "aws_security_group_rule",
      "name": "nfs",
      "provider": "provider[\"registry.terraform.io/hashicorp/aws\"]",
      "instances": [
        {
          "schema_version": 2,
          "attributes": {
            "cidr_blocks": [
              "0.0.0.0/0"
            ],
            "description": null,
            "from_port": 2049,
            "id": "sgrule-73661054",
            "ipv6_cidr_blocks": null,
            "prefix_list_ids": null,
            "protocol": "tcp",
            "security_group_id": "sg-03eedcc0f249f973a",
            "security_group_rule_id": "sgr-04a56d909817312db",
            "self": false,
            "source_security_group_id": null,
            "timeouts": null,
            "to_port": 2049,
            "type": "ingress"
          },
          "sensitive_attributes": [],
          "private": "eyJlMmJmYjczMC1lY2FhLTExZTYtOGY4OC0zNDM2M2JjN2M0YzAiOnsiY3JlYXRlIjozMDAwMDAwMDAwMDB9LCJzY2hlbWFfdmVyc2lvbiI6IjIifQ==",
          "dependencies": [
            "module.EC2-BASE.aws_security_group.stack-sg"
          ]
        }
      ]
    },
    {
      "module": "module.EC2-BASE",
      "mode": "managed",
      "type": "aws_security_group_rule",
      "name": "ssh",
      "provider": "provider[\"registry.terraform.io/hashicorp/aws\"]",
      "instances": [
        {
          "schema_version": 2,
          "attributes": {
            "cidr_blocks": [
              "0.0.0.0/0"
            ],
            "description": null,
            "from_port": 22,
            "id": "sgrule-1737173137",
            "ipv6_cidr_blocks": null,
            "prefix_list_ids": null,
            "protocol": "tcp",
            "security_group_id": "sg-03eedcc0f249f973a",
            "security_group_rule_id": "sgr-0fc0488b24a9465a6",
            "self": false,
            "source_security_group_id": null,
            "timeouts": null,
            "to_port": 22,
            "type": "ingress"
          },
          "sensitive_attributes": [],
          "private": "eyJlMmJmYjczMC1lY2FhLTExZTYtOGY4OC0zNDM2M2JjN2M0YzAiOnsiY3JlYXRlIjozMDAwMDAwMDAwMDB9LCJzY2hlbWFfdmVyc2lvbiI6IjIifQ==",
          "dependencies": [
            "module.EC2-BASE.aws_security_group.stack-sg"
          ]
        }
      ]
    }
  ],
  "check_results": null
}
